
Microsoft Visual Studio Solution File, Format Version 12.00
# Visual Studio 15
Project("{FAE04EC0-301F-11D3-BF4B-00C04F79EFBC}") = "UnityEngine.TestRunner", "UnityEngine.TestRunner.csproj", "{813B3715-2F61-8763-A12C-D36A16C4658E}"
EndProject
Project("{FAE04EC0-301F-11D3-BF4B-00C04F79EFBC}") = "Unity.2D.Animation.Triangle.Runtime", "Unity.2D.Animation.Triangle.Runtime.csproj", "{520EC6C6-05D3-EDB8-1A1D-3CCEF4490798}"
EndProject
Project("{FAE04EC0-301F-11D3-BF4B-00C04F79EFBC}") = "UnityEngine.UI", "UnityEngine.UI.csproj", "{0FF7E256-2807-9866-3EBF-420EDBAE3F23}"
EndProject
Project("{FAE04EC0-301F-11D3-BF4B-00C04F79EFBC}") = "Unity.TextMeshPro", "Unity.TextMeshPro.csproj", "{06E72BDD-4E17-7733-F242-36191BAB1B2E}"
EndProject
Project("{FAE04EC0-301F-11D3-BF4B-00C04F79EFBC}") = "Unity.2D.Animation.Runtime", "Unity.2D.Animation.Runtime.csproj", "{C0AF2BB4-30AB-D1BD-22FA-D1A0C041EFDE}"
EndProject
Project("{FAE04EC0-301F-11D3-BF4B-00C04F79EFBC}") = "Unity.Timeline", "Unity.Timeline.csproj", "{EC3DE8EA-0F54-AE7C-F45B-5E5CFD86664F}"
EndProject
Project("{FAE04EC0-301F-11D3-BF4B-00C04F79EFBC}") = "Unity.Mathematics", "Unity.Mathematics.csproj", "{4BA95273-45A8-7D44-4313-874DF919D863}"
EndProject
Project("{FAE04EC0-301F-11D3-BF4B-00C04F79EFBC}") = "Unity.2D.SpriteShape.Runtime", "Unity.2D.SpriteShape.Runtime.csproj", "{73D33DA7-FCFE-ACA1-0C89-8D1825F0A3E9}"
EndProject
Project("{FAE04EC0-301F-11D3-BF4B-00C04F79EFBC}") = "Assembly-CSharp", "Assembly-CSharp.csproj", "{AE43CAFB-E01E-2269-2A3B-579D82A1DCAD}"
EndProject
Project("{FAE04EC0-301F-11D3-BF4B-00C04F79EFBC}") = "Unity.2D.PixelPerfect", "Unity.2D.PixelPerfect.csproj", "{EECFDFD0-6319-E2D7-894E-99AE71DB7C2D}"
EndProject
Project("{FAE04EC0-301F-11D3-BF4B-00C04F79EFBC}") = "Unity.InternalAPIEngineBridge.001", "Unity.InternalAPIEngineBridge.001.csproj", "{1B3A76F4-AB9D-BF7A-A9EC-1280EC6338E6}"
EndProject
Project("{FAE04EC0-301F-11D3-BF4B-00C04F79EFBC}") = "Unity.2D.Common.Runtime", "Unity.2D.Common.Runtime.csproj", "{C4B3836F-43E5-B4CB-D58E-A6ADAA328FE8}"
EndProject
Project("{FAE04EC0-301F-11D3-BF4B-00C04F79EFBC}") = "Unity.TextMeshPro.Editor", "Unity.TextMeshPro.Editor.csproj", "{F70D71C6-E545-2A23-D0FB-1E415F3C2061}"
EndProject
Project("{FAE04EC0-301F-11D3-BF4B-00C04F79EFBC}") = "Unity.Timeline.Editor", "Unity.Timeline.Editor.csproj", "{35F18EFF-EF47-BD17-0130-12A9B0A22D26}"
EndProject
Project("{FAE04EC0-301F-11D3-BF4B-00C04F79EFBC}") = "UnityEditor.TestRunner", "UnityEditor.TestRunner.csproj", "{029C718C-4C56-7DBE-8900-8B50DB4624C7}"
EndProject
Project("{FAE04EC0-301F-11D3-BF4B-00C04F79EFBC}") = "Unity.2D.Animation.Editor", "Unity.2D.Animation.Editor.csproj", "{B8FDECCB-D002-91CF-ADED-A8990427D357}"
EndProject
Project("{FAE04EC0-301F-11D3-BF4B-00C04F79EFBC}") = "Unity.2D.Path.Editor", "Unity.2D.Path.Editor.csproj", "{6410A807-1A72-06A4-02F9-F718D184EAA0}"
EndProject
Project("{FAE04EC0-301F-11D3-BF4B-00C04F79EFBC}") = "Unity.2D.Sprite.Editor", "Unity.2D.Sprite.Editor.csproj", "{40019883-9D37-4543-404B-D896C4F1FAB1}"
EndProject
Project("{FAE04EC0-301F-11D3-BF4B-00C04F79EFBC}") = "UnityEditor.UI", "UnityEditor.UI.csproj", "{E69F99BC-F3C8-F495-FBC4-121D6035DFFC}"
EndProject
Project("{FAE04EC0-301F-11D3-BF4B-00C04F79EFBC}") = "Unity.Rider.Editor", "Unity.Rider.Editor.csproj", "{E23B64C0-4407-D0B4-5748-10D455F00F98}"
EndProject
Project("{FAE04EC0-301F-11D3-BF4B-00C04F79EFBC}") = "Unity.2D.Tilemap.Editor", "Unity.2D.Tilemap.Editor.csproj", "{954E4BA8-D60F-B21D-C385-022993660236}"
EndProject
Project("{FAE04EC0-301F-11D3-BF4B-00C04F79EFBC}") = "Unity.2D.SpriteShape.Editor", "Unity.2D.SpriteShape.Editor.csproj", "{D98F2306-11A3-9141-3E85-A306291FD589}"
EndProject
Project("{FAE04EC0-301F-11D3-BF4B-00C04F79EFBC}") = "PsdPlugin", "PsdPlugin.csproj", "{7F5B762B-A830-D78F-071F-E965DEFC3445}"
EndProject
Project("{FAE04EC0-301F-11D3-BF4B-00C04F79EFBC}") = "Unity.CollabProxy.Editor", "Unity.CollabProxy.Editor.csproj", "{8DAAEFB4-5D63-F315-6A7D-8ED48BAAE361}"
EndProject
Project("{FAE04EC0-301F-11D3-BF4B-00C04F79EFBC}") = "Unity.2D.Common.Editor", "Unity.2D.Common.Editor.csproj", "{C485D7FD-AC22-1F71-3838-E911C7942AD9}"
EndProject
Project("{FAE04EC0-301F-11D3-BF4B-00C04F79EFBC}") = "Unity.VSCode.Editor", "Unity.VSCode.Editor.csproj", "{E0C7EEB0-6C1C-9F14-C31A-75E1817F0029}"
EndProject
Project("{FAE04EC0-301F-11D3-BF4B-00C04F79EFBC}") = "Unity.2D.Psdimporter.Editor", "Unity.2D.Psdimporter.Editor.csproj", "{8F6C6A4C-850B-7951-E18C-29F44159162B}"
EndProject
Project("{FAE04EC0-301F-11D3-BF4B-00C04F79EFBC}") = "Unity.2D.PixelPerfect.Editor", "Unity.2D.PixelPerfect.Editor.csproj", "{2A157FAC-0EB6-F92E-C372-6967A7DFDFA5}"
EndProject
Project("{FAE04EC0-301F-11D3-BF4B-00C04F79EFBC}") = "Unity.Mathematics.Editor", "Unity.Mathematics.Editor.csproj", "{7C16080B-3E4B-A766-7A1E-1B6BB9A4183E}"
EndProject
Project("{FAE04EC0-301F-11D3-BF4B-00C04F79EFBC}") = "Unity.InternalAPIEditorBridge.001", "Unity.InternalAPIEditorBridge.001.csproj", "{2891F9DD-0540-A531-9AEF-CE15650BA71F}"
EndProject
Project("{FAE04EC0-301F-11D3-BF4B-00C04F79EFBC}") = "Assembly-CSharp.Player", "Assembly-CSharp.Player.csproj", "{6066E543-6188-A440-E372-875A7F02E00F}"
EndProject
Global
	GlobalSection(SolutionConfigurationPlatforms) = preSolution
		Debug|Any CPU = Debug|Any CPU
		Release|Any CPU = Release|Any CPU
	EndGlobalSection
	GlobalSection(ProjectConfigurationPlatforms) = postSolution
		{813B3715-2F61-8763-A12C-D36A16C4658E}.Debug|Any CPU.ActiveCfg = Debug|Any CPU
		{813B3715-2F61-8763-A12C-D36A16C4658E}.Debug|Any CPU.Build.0 = Debug|Any CPU
		{813B3715-2F61-8763-A12C-D36A16C4658E}.Release|Any CPU.ActiveCfg = Release|Any CPU
		{813B3715-2F61-8763-A12C-D36A16C4658E}.Release|Any CPU.Build.0 = Release|Any CPU
		{520EC6C6-05D3-EDB8-1A1D-3CCEF4490798}.Debug|Any CPU.ActiveCfg = Debug|Any CPU
		{520EC6C6-05D3-EDB8-1A1D-3CCEF4490798}.Debug|Any CPU.Build.0 = Debug|Any CPU
		{520EC6C6-05D3-EDB8-1A1D-3CCEF4490798}.Release|Any CPU.ActiveCfg = Release|Any CPU
		{520EC6C6-05D3-EDB8-1A1D-3CCEF4490798}.Release|Any CPU.Build.0 = Release|Any CPU
		{0FF7E256-2807-9866-3EBF-420EDBAE3F23}.Debug|Any CPU.ActiveCfg = Debug|Any CPU
		{0FF7E256-2807-9866-3EBF-420EDBAE3F23}.Debug|Any CPU.Build.0 = Debug|Any CPU
		{0FF7E256-2807-9866-3EBF-420EDBAE3F23}.Release|Any CPU.ActiveCfg = Release|Any CPU
		{0FF7E256-2807-9866-3EBF-420EDBAE3F23}.Release|Any CPU.Build.0 = Release|Any CPU
		{06E72BDD-4E17-7733-F242-36191BAB1B2E}.Debug|Any CPU.ActiveCfg = Debug|Any CPU
		{06E72BDD-4E17-7733-F242-36191BAB1B2E}.Debug|Any CPU.Build.0 = Debug|Any CPU
		{06E72BDD-4E17-7733-F242-36191BAB1B2E}.Release|Any CPU.ActiveCfg = Release|Any CPU
		{06E72BDD-4E17-7733-F242-36191BAB1B2E}.Release|Any CPU.Build.0 = Release|Any CPU
		{C0AF2BB4-30AB-D1BD-22FA-D1A0C041EFDE}.Debug|Any CPU.ActiveCfg = Debug|Any CPU
		{C0AF2BB4-30AB-D1BD-22FA-D1A0C041EFDE}.Debug|Any CPU.Build.0 = Debug|Any CPU
		{C0AF2BB4-30AB-D1BD-22FA-D1A0C041EFDE}.Release|Any CPU.ActiveCfg = Release|Any CPU
		{C0AF2BB4-30AB-D1BD-22FA-D1A0C041EFDE}.Release|Any CPU.Build.0 = Release|Any CPU
		{EC3DE8EA-0F54-AE7C-F45B-5E5CFD86664F}.Debug|Any CPU.ActiveCfg = Debug|Any CPU
		{EC3DE8EA-0F54-AE7C-F45B-5E5CFD86664F}.Debug|Any CPU.Build.0 = Debug|Any CPU
		{EC3DE8EA-0F54-AE7C-F45B-5E5CFD86664F}.Release|Any CPU.ActiveCfg = Release|Any CPU
		{EC3DE8EA-0F54-AE7C-F45B-5E5CFD86664F}.Release|Any CPU.Build.0 = Release|Any CPU
		{4BA95273-45A8-7D44-4313-874DF919D863}.Debug|Any CPU.ActiveCfg = Debug|Any CPU
		{4BA95273-45A8-7D44-4313-874DF919D863}.Debug|Any CPU.Build.0 = Debug|Any CPU
		{4BA95273-45A8-7D44-4313-874DF919D863}.Release|Any CPU.ActiveCfg = Release|Any CPU
		{4BA95273-45A8-7D44-4313-874DF919D863}.Release|Any CPU.Build.0 = Release|Any CPU
		{73D33DA7-FCFE-ACA1-0C89-8D1825F0A3E9}.Debug|Any CPU.ActiveCfg = Debug|Any CPU
		{73D33DA7-FCFE-ACA1-0C89-8D1825F0A3E9}.Debug|Any CPU.Build.0 = Debug|Any CPU
		{73D33DA7-FCFE-ACA1-0C89-8D1825F0A3E9}.Release|Any CPU.ActiveCfg = Release|Any CPU
		{73D33DA7-FCFE-ACA1-0C89-8D1825F0A3E9}.Release|Any CPU.Build.0 = Release|Any CPU
		{AE43CAFB-E01E-2269-2A3B-579D82A1DCAD}.Debug|Any CPU.ActiveCfg = Debug|Any CPU
		{AE43CAFB-E01E-2269-2A3B-579D82A1DCAD}.Debug|Any CPU.Build.0 = Debug|Any CPU
		{AE43CAFB-E01E-2269-2A3B-579D82A1DCAD}.Release|Any CPU.ActiveCfg = Release|Any CPU
		{AE43CAFB-E01E-2269-2A3B-579D82A1DCAD}.Release|Any CPU.Build.0 = Release|Any CPU
		{EECFDFD0-6319-E2D7-894E-99AE71DB7C2D}.Debug|Any CPU.ActiveCfg = Debug|Any CPU
		{EECFDFD0-6319-E2D7-894E-99AE71DB7C2D}.Debug|Any CPU.Build.0 = Debug|Any CPU
		{EECFDFD0-6319-E2D7-894E-99AE71DB7C2D}.Release|Any CPU.ActiveCfg = Release|Any CPU
		{EECFDFD0-6319-E2D7-894E-99AE71DB7C2D}.Release|Any CPU.Build.0 = Release|Any CPU
		{1B3A76F4-AB9D-BF7A-A9EC-1280EC6338E6}.Debug|Any CPU.ActiveCfg = Debug|Any CPU
		{1B3A76F4-AB9D-BF7A-A9EC-1280EC6338E6}.Debug|Any CPU.Build.0 = Debug|Any CPU
		{1B3A76F4-AB9D-BF7A-A9EC-1280EC6338E6}.Release|Any CPU.ActiveCfg = Release|Any CPU
		{1B3A76F4-AB9D-BF7A-A9EC-1280EC6338E6}.Release|Any CPU.Build.0 = Release|Any CPU
		{C4B3836F-43E5-B4CB-D58E-A6ADAA328FE8}.Debug|Any CPU.ActiveCfg = Debug|Any CPU
		{C4B3836F-43E5-B4CB-D58E-A6ADAA328FE8}.Debug|Any CPU.Build.0 = Debug|Any CPU
		{C4B3836F-43E5-B4CB-D58E-A6ADAA328FE8}.Release|Any CPU.ActiveCfg = Release|Any CPU
		{C4B3836F-43E5-B4CB-D58E-A6ADAA328FE8}.Release|Any CPU.Build.0 = Release|Any CPU
		{F70D71C6-E545-2A23-D0FB-1E415F3C2061}.Debug|Any CPU.ActiveCfg = Debug|Any CPU
		{F70D71C6-E545-2A23-D0FB-1E415F3C2061}.Debug|Any CPU.Build.0 = Debug|Any CPU
		{F70D71C6-E545-2A23-D0FB-1E415F3C2061}.Release|Any CPU.ActiveCfg = Release|Any CPU
		{F70D71C6-E545-2A23-D0FB-1E415F3C2061}.Release|Any CPU.Build.0 = Release|Any CPU
		{35F18EFF-EF47-BD17-0130-12A9B0A22D26}.Debug|Any CPU.ActiveCfg = Debug|Any CPU
		{35F18EFF-EF47-BD17-0130-12A9B0A22D26}.Debug|Any CPU.Build.0 = Debug|Any CPU
		{35F18EFF-EF47-BD17-0130-12A9B0A22D26}.Release|Any CPU.ActiveCfg = Release|Any CPU
		{35F18EFF-EF47-BD17-0130-12A9B0A22D26}.Release|Any CPU.Build.0 = Release|Any CPU
		{029C718C-4C56-7DBE-8900-8B50DB4624C7}.Debug|Any CPU.ActiveCfg = Debug|Any CPU
		{029C718C-4C56-7DBE-8900-8B50DB4624C7}.Debug|Any CPU.Build.0 = Debug|Any CPU
		{029C718C-4C56-7DBE-8900-8B50DB4624C7}.Release|Any CPU.ActiveCfg = Release|Any CPU
		{029C718C-4C56-7DBE-8900-8B50DB4624C7}.Release|Any CPU.Build.0 = Release|Any CPU
		{B8FDECCB-D002-91CF-ADED-A8990427D357}.Debug|Any CPU.ActiveCfg = Debug|Any CPU
		{B8FDECCB-D002-91CF-ADED-A8990427D357}.Debug|Any CPU.Build.0 = Debug|Any CPU
		{B8FDECCB-D002-91CF-ADED-A8990427D357}.Release|Any CPU.ActiveCfg = Release|Any CPU
		{B8FDECCB-D002-91CF-ADED-A8990427D357}.Release|Any CPU.Build.0 = Release|Any CPU
		{6410A807-1A72-06A4-02F9-F718D184EAA0}.Debug|Any CPU.ActiveCfg = Debug|Any CPU
		{6410A807-1A72-06A4-02F9-F718D184EAA0}.Debug|Any CPU.Build.0 = Debug|Any CPU
		{6410A807-1A72-06A4-02F9-F718D184EAA0}.Release|Any CPU.ActiveCfg = Release|Any CPU
		{6410A807-1A72-06A4-02F9-F718D184EAA0}.Release|Any CPU.Build.0 = Release|Any CPU
		{40019883-9D37-4543-404B-D896C4F1FAB1}.Debug|Any CPU.ActiveCfg = Debug|Any CPU
		{40019883-9D37-4543-404B-D896C4F1FAB1}.Debug|Any CPU.Build.0 = Debug|Any CPU
		{40019883-9D37-4543-404B-D896C4F1FAB1}.Release|Any CPU.ActiveCfg = Release|Any CPU
		{40019883-9D37-4543-404B-D896C4F1FAB1}.Release|Any CPU.Build.0 = Release|Any CPU
		{E69F99BC-F3C8-F495-FBC4-121D6035DFFC}.Debug|Any CPU.ActiveCfg = Debug|Any CPU
		{E69F99BC-F3C8-F495-FBC4-121D6035DFFC}.Debug|Any CPU.Build.0 = Debug|Any CPU
		{E69F99BC-F3C8-F495-FBC4-121D6035DFFC}.Release|Any CPU.ActiveCfg = Release|Any CPU
		{E69F99BC-F3C8-F495-FBC4-121D6035DFFC}.Release|Any CPU.Build.0 = Release|Any CPU
		{E23B64C0-4407-D0B4-5748-10D455F00F98}.Debug|Any CPU.ActiveCfg = Debug|Any CPU
		{E23B64C0-4407-D0B4-5748-10D455F00F98}.Debug|Any CPU.Build.0 = Debug|Any CPU
		{E23B64C0-4407-D0B4-5748-10D455F00F98}.Release|Any CPU.ActiveCfg = Release|Any CPU
		{E23B64C0-4407-D0B4-5748-10D455F00F98}.Release|Any CPU.Build.0 = Release|Any CPU
		{954E4BA8-D60F-B21D-C385-022993660236}.Debug|Any CPU.ActiveCfg = Debug|Any CPU
		{954E4BA8-D60F-B21D-C385-022993660236}.Debug|Any CPU.Build.0 = Debug|Any CPU
		{954E4BA8-D60F-B21D-C385-022993660236}.Release|Any CPU.ActiveCfg = Release|Any CPU
		{954E4BA8-D60F-B21D-C385-022993660236}.Release|Any CPU.Build.0 = Release|Any CPU
		{D98F2306-11A3-9141-3E85-A306291FD589}.Debug|Any CPU.ActiveCfg = Debug|Any CPU
		{D98F2306-11A3-9141-3E85-A306291FD589}.Debug|Any CPU.Build.0 = Debug|Any CPU
		{D98F2306-11A3-9141-3E85-A306291FD589}.Release|Any CPU.ActiveCfg = Release|Any CPU
		{D98F2306-11A3-9141-3E85-A306291FD589}.Release|Any CPU.Build.0 = Release|Any CPU
		{7F5B762B-A830-D78F-071F-E965DEFC3445}.Debug|Any CPU.ActiveCfg = Debug|Any CPU
		{7F5B762B-A830-D78F-071F-E965DEFC3445}.Debug|Any CPU.Build.0 = Debug|Any CPU
		{7F5B762B-A830-D78F-071F-E965DEFC3445}.Release|Any CPU.ActiveCfg = Release|Any CPU
		{7F5B762B-A830-D78F-071F-E965DEFC3445}.Release|Any CPU.Build.0 = Release|Any CPU
		{8DAAEFB4-5D63-F315-6A7D-8ED48BAAE361}.Debug|Any CPU.ActiveCfg = Debug|Any CPU
		{8DAAEFB4-5D63-F315-6A7D-8ED48BAAE361}.Debug|Any CPU.Build.0 = Debug|Any CPU
		{8DAAEFB4-5D63-F315-6A7D-8ED48BAAE361}.Release|Any CPU.ActiveCfg = Release|Any CPU
		{8DAAEFB4-5D63-F315-6A7D-8ED48BAAE361}.Release|Any CPU.Build.0 = Release|Any CPU
		{C485D7FD-AC22-1F71-3838-E911C7942AD9}.Debug|Any CPU.ActiveCfg = Debug|Any CPU
		{C485D7FD-AC22-1F71-3838-E911C7942AD9}.Debug|Any CPU.Build.0 = Debug|Any CPU
		{C485D7FD-AC22-1F71-3838-E911C7942AD9}.Release|Any CPU.ActiveCfg = Release|Any CPU
		{C485D7FD-AC22-1F71-3838-E911C7942AD9}.Release|Any CPU.Build.0 = Release|Any CPU
		{E0C7EEB0-6C1C-9F14-C31A-75E1817F0029}.Debug|Any CPU.ActiveCfg = Debug|Any CPU
		{E0C7EEB0-6C1C-9F14-C31A-75E1817F0029}.Debug|Any CPU.Build.0 = Debug|Any CPU
		{E0C7EEB0-6C1C-9F14-C31A-75E1817F0029}.Release|Any CPU.ActiveCfg = Release|Any CPU
		{E0C7EEB0-6C1C-9F14-C31A-75E1817F0029}.Release|Any CPU.Build.0 = Release|Any CPU
		{8F6C6A4C-850B-7951-E18C-29F44159162B}.Debug|Any CPU.ActiveCfg = Debug|Any CPU
		{8F6C6A4C-850B-7951-E18C-29F44159162B}.Debug|Any CPU.Build.0 = Debug|Any CPU
		{8F6C6A4C-850B-7951-E18C-29F44159162B}.Release|Any CPU.ActiveCfg = Release|Any CPU
		{8F6C6A4C-850B-7951-E18C-29F44159162B}.Release|Any CPU.Build.0 = Release|Any CPU
		{2A157FAC-0EB6-F92E-C372-6967A7DFDFA5}.Debug|Any CPU.ActiveCfg = Debug|Any CPU
		{2A157FAC-0EB6-F92E-C372-6967A7DFDFA5}.Debug|Any CPU.Build.0 = Debug|Any CPU
		{2A157FAC-0EB6-F92E-C372-6967A7DFDFA5}.Release|Any CPU.ActiveCfg = Release|Any CPU
		{2A157FAC-0EB6-F92E-C372-6967A7DFDFA5}.Release|Any CPU.Build.0 = Release|Any CPU
		{7C16080B-3E4B-A766-7A1E-1B6BB9A4183E}.Debug|Any CPU.ActiveCfg = Debug|Any CPU
		{7C16080B-3E4B-A766-7A1E-1B6BB9A4183E}.Debug|Any CPU.Build.0 = Debug|Any CPU
		{7C16080B-3E4B-A766-7A1E-1B6BB9A4183E}.Release|Any CPU.ActiveCfg = Release|Any CPU
		{7C16080B-3E4B-A766-7A1E-1B6BB9A4183E}.Release|Any CPU.Build.0 = Release|Any CPU
		{2891F9DD-0540-A531-9AEF-CE15650BA71F}.Debug|Any CPU.ActiveCfg = Debug|Any CPU
		{2891F9DD-0540-A531-9AEF-CE15650BA71F}.Debug|Any CPU.Build.0 = Debug|Any CPU
		{2891F9DD-0540-A531-9AEF-CE15650BA71F}.Release|Any CPU.ActiveCfg = Release|Any CPU
		{2891F9DD-0540-A531-9AEF-CE15650BA71F}.Release|Any CPU.Build.0 = Release|Any CPU
		{6066E543-6188-A440-E372-875A7F02E00F}.Debug|Any CPU.ActiveCfg = Debug|Any CPU
		{6066E543-6188-A440-E372-875A7F02E00F}.Debug|Any CPU.Build.0 = Debug|Any CPU
		{6066E543-6188-A440-E372-875A7F02E00F}.Release|Any CPU.ActiveCfg = Release|Any CPU
		{6066E543-6188-A440-E372-875A7F02E00F}.Release|Any CPU.Build.0 = Release|Any CPU
	EndGlobalSection
	GlobalSection(SolutionProperties) = preSolution
		HideSolutionNode = FALSE
	EndGlobalSection
EndGlobal
